
Microsoft Visual Studio Solution File, Format Version 12.00
# Visual Studio 2012
Project("{F2A71F9B-5D33-465A-A702-920D77279786}") = "Twaddler", "Twaddler.fsproj", "{761110B5-181B-4363-B230-ED59563A6134}"
EndProject
Project("{F2A71F9B-5D33-465A-A702-920D77279786}") = "Twaddler.DictionaryCompiler", "..\Twaddler.DictionaryCompiler\Twaddler.DictionaryCompiler.fsproj", "{AE75E68E-7D7B-4EB9-A5BB-80250390546C}"
EndProject
Global
	GlobalSection(SolutionConfigurationPlatforms) = preSolution
		Debug|Any CPU = Debug|Any CPU
		Release|Any CPU = Release|Any CPU
	EndGlobalSection
	GlobalSection(ProjectConfigurationPlatforms) = postSolution
		{761110B5-181B-4363-B230-ED59563A6134}.Debug|Any CPU.ActiveCfg = Debug|Any CPU
		{761110B5-181B-4363-B230-ED59563A6134}.Debug|Any CPU.Build.0 = Debug|Any CPU
		{761110B5-181B-4363-B230-ED59563A6134}.Release|Any CPU.ActiveCfg = Release|Any CPU
		{761110B5-181B-4363-B230-ED59563A6134}.Release|Any CPU.Build.0 = Release|Any CPU
		{AE75E68E-7D7B-4EB9-A5BB-80250390546C}.Debug|Any CPU.ActiveCfg = Debug|Any CPU
		{AE75E68E-7D7B-4EB9-A5BB-80250390546C}.Debug|Any CPU.Build.0 = Debug|Any CPU
		{AE75E68E-7D7B-4EB9-A5BB-80250390546C}.Release|Any CPU.ActiveCfg = Release|Any CPU
		{AE75E68E-7D7B-4EB9-A5BB-80250390546C}.Release|Any CPU.Build.0 = Release|Any CPU
	EndGlobalSection
	GlobalSection(SolutionProperties) = preSolution
		HideSolutionNode = FALSE
	EndGlobalSection
EndGlobal
